<?xml version="1.0" encoding="utf-8"?>
<Project ToolsVersion="4.0" xmlns="http://schemas.microsoft.com/developer/msbuild/2003">
  <ItemGroup>
    <Filter Include="소스 파일">
      <UniqueIdentifier>{4FC737F1-C7A5-4376-A066-2A32D752A2FF}</UniqueIdentifier>
      <Extensions>cpp;c;cc;cxx;c++;cppm;ixx;def;odl;idl;hpj;bat;asm;asmx</Extensions>
    </Filter>
    <Filter Include="헤더 파일">
      <UniqueIdentifier>{93995380-89BD-4b04-88EB-625FBE52EBFB}</UniqueIdentifier>
      <Extensions>h;hh;hpp;hxx;h++;hm;inl;inc;ipp;xsd</Extensions>
    </Filter>
    <Filter Include="리소스 파일">
      <UniqueIdentifier>{67DA6AB6-F800-4c08-8B7A-83BB121AAD01}</UniqueIdentifier>
      <Extensions>rc;ico;cur;bmp;dlg;rc2;rct;bin;rgs;gif;jpg;jpeg;jpe;resx;tiff;tif;png;wav;mfcribbon-ms</Extensions>
    </Filter>
    <Filter Include="헤더 파일\Class">
      <UniqueIdentifier>{530ca162-d7a3-488f-aad4-f060a1958917}</UniqueIdentifier>
    </Filter>
    <Filter Include="헤더 파일\백준">
      <UniqueIdentifier>{9eedc2e3-b644-4ab0-8dec-a2945f72652a}</UniqueIdentifier>
    </Filter>
    <Filter Include="헤더 파일\백준\backJun 4단계">
      <UniqueIdentifier>{c7d58db1-f892-4669-b62b-21d803f8ed0d}</UniqueIdentifier>
    </Filter>
  </ItemGroup>
  <ItemGroup>
    <ClCompile Include="Class.cpp">
      <Filter>소스 파일</Filter>
    </ClCompile>
    <ClCompile Include="230311_4_1_backjun_.cpp">
      <Filter>헤더 파일\백준</Filter>
    </ClCompile>
    <ClCompile Include="backjun 4_3.cpp">
      <Filter>헤더 파일\백준\backJun 4단계</Filter>
    </ClCompile>
    <ClCompile Include="Class_03_08.cpp">
      <Filter>헤더 파일\Class</Filter>
    </ClCompile>
    <ClCompile Include="class_03_11.cpp">
      <Filter>헤더 파일\Class</Filter>
    </ClCompile>
    <ClCompile Include="class_03_13.cpp">
      <Filter>헤더 파일\Class</Filter>
    </ClCompile>
    <ClCompile Include="class_03_15.cpp">
      <Filter>헤더 파일\Class</Filter>
    </ClCompile>
    <ClCompile Include="자주사용하는 단축키.cpp">
      <Filter>헤더 파일\Class</Filter>
    </ClCompile>
    <ClCompile Include="backjun 3_1.cpp">
      <Filter>헤더 파일\백준</Filter>
    </ClCompile>
    <ClCompile Include="backjun1_1.cpp">
      <Filter>헤더 파일\백준</Filter>
    </ClCompile>
    <ClCompile Include="backjun1_2.cpp">
      <Filter>헤더 파일\백준</Filter>
    </ClCompile>
    <ClCompile Include="backjun1_3.cpp">
      <Filter>헤더 파일\백준</Filter>
    </ClCompile>
    <ClCompile Include="backjun1_4.cpp">
      <Filter>헤더 파일\백준</Filter>
    </ClCompile>
    <ClCompile Include="backjun1_5.cpp">
      <Filter>헤더 파일\백준</Filter>
    </ClCompile>
    <ClCompile Include="backjun3_2.cpp">
      <Filter>헤더 파일\백준</Filter>
    </ClCompile>
    <ClCompile Include="class_function.cpp">
      <Filter>헤더 파일\Class</Filter>
    </ClCompile>
  </ItemGroup>
  <ItemGroup>
    <ClInclude Include="Class.h">
      <Filter>헤더 파일\Class</Filter>
    </ClInclude>
  </ItemGroup>
</Project>